// !$*UTF8*$!
{
	archiveVersion = 1;
	classes = {
	};
	objectVersion = 46;
	objects = {

/* Begin PBXBuildFile section */
		974D5B5D1B13BDEF0042C316 /* InterfaceController.m in Sources */ = {isa = PBXBuildFile; fileRef = 974D5B5C1B13BDEF0042C316 /* InterfaceController.m */; };
		974D5B5F1B13BDEF0042C316 /* Images.xcassets in Resources */ = {isa = PBXBuildFile; fileRef = 974D5B5E1B13BDEF0042C316 /* Images.xcassets */; };
		974D5B631B13BDF00042C316 /* HueWatch WatchKit App.app in Resources */ = {isa = PBXBuildFile; fileRef = 974D5B621B13BDF00042C316 /* HueWatch WatchKit App.app */; };
		974D5B6B1B13BDF00042C316 /* Interface.storyboard in Resources */ = {isa = PBXBuildFile; fileRef = 974D5B691B13BDF00042C316 /* Interface.storyboard */; };
		974D5B6D1B13BDF00042C316 /* Images.xcassets in Resources */ = {isa = PBXBuildFile; fileRef = 974D5B6C1B13BDF00042C316 /* Images.xcassets */; };
		974D5B701B13BDF00042C316 /* HueWatch WatchKit Extension.appex in Embed App Extensions */ = {isa = PBXBuildFile; fileRef = 974D5B571B13BDEF0042C316 /* HueWatch WatchKit Extension.appex */; settings = {ATTRIBUTES = (RemoveHeadersOnCopy, ); }; };
		97888C4A1B13DDE1000C7221 /* JSZHueSessionManager.m in Sources */ = {isa = PBXBuildFile; fileRef = 97888C491B13DDE1000C7221 /* JSZHueSessionManager.m */; };
		97BA89C11AF58B0A0065E86A /* main.m in Sources */ = {isa = PBXBuildFile; fileRef = 97BA89C01AF58B0A0065E86A /* main.m */; };
		97BA89C41AF58B0A0065E86A /* AppDelegate.m in Sources */ = {isa = PBXBuildFile; fileRef = 97BA89C31AF58B0A0065E86A /* AppDelegate.m */; };
		97BA89C71AF58B0A0065E86A /* FirstViewController.m in Sources */ = {isa = PBXBuildFile; fileRef = 97BA89C61AF58B0A0065E86A /* FirstViewController.m */; };
		97BA89CA1AF58B0A0065E86A /* SecondViewController.m in Sources */ = {isa = PBXBuildFile; fileRef = 97BA89C91AF58B0A0065E86A /* SecondViewController.m */; };
		97BA89CD1AF58B0A0065E86A /* Main.storyboard in Resources */ = {isa = PBXBuildFile; fileRef = 97BA89CB1AF58B0A0065E86A /* Main.storyboard */; };
		97BA89CF1AF58B0A0065E86A /* Images.xcassets in Resources */ = {isa = PBXBuildFile; fileRef = 97BA89CE1AF58B0A0065E86A /* Images.xcassets */; };
		97BA89D21AF58B0A0065E86A /* LaunchScreen.xib in Resources */ = {isa = PBXBuildFile; fileRef = 97BA89D01AF58B0A0065E86A /* LaunchScreen.xib */; };
		97BA89DE1AF58B0A0065E86A /* HueWatchTests.m in Sources */ = {isa = PBXBuildFile; fileRef = 97BA89DD1AF58B0A0065E86A /* HueWatchTests.m */; };
		EADBCF8C802E922EEABB5D86 /* libPods.a in Frameworks */ = {isa = PBXBuildFile; fileRef = 0FDDFD6573E7D1269935CE26 /* libPods.a */; };
/* End PBXBuildFile section */

/* Begin PBXContainerItemProxy section */
		974D5B641B13BDF00042C316 /* PBXContainerItemProxy */ = {
			isa = PBXContainerItemProxy;
			containerPortal = 97BA89B31AF58B0A0065E86A /* Project object */;
			proxyType = 1;
			remoteGlobalIDString = 974D5B611B13BDF00042C316;
			remoteInfo = "HueWatch WatchKit App";
		};
		974D5B6E1B13BDF00042C316 /* PBXContainerItemProxy */ = {
			isa = PBXContainerItemProxy;
			containerPortal = 97BA89B31AF58B0A0065E86A /* Project object */;
			proxyType = 1;
			remoteGlobalIDString = 974D5B561B13BDEF0042C316;
			remoteInfo = "HueWatch WatchKit Extension";
		};
		97BA89D81AF58B0A0065E86A /* PBXContainerItemProxy */ = {
			isa = PBXContainerItemProxy;
			containerPortal = 97BA89B31AF58B0A0065E86A /* Project object */;
			proxyType = 1;
			remoteGlobalIDString = 97BA89BA1AF58B0A0065E86A;
			remoteInfo = HueWatch;
		};
/* End PBXContainerItemProxy section */

/* Begin PBXCopyFilesBuildPhase section */
		974D5B771B13BDF00042C316 /* Embed App Extensions */ = {
			isa = PBXCopyFilesBuildPhase;
			buildActionMask = 2147483647;
			dstPath = "";
			dstSubfolderSpec = 13;
			files = (
				974D5B701B13BDF00042C316 /* HueWatch WatchKit Extension.appex in Embed App Extensions */,
			);
			name = "Embed App Extensions";
			runOnlyForDeploymentPostprocessing = 0;
		};
/* End PBXCopyFilesBuildPhase section */

/* Begin PBXFileReference section */
		0FDDFD6573E7D1269935CE26 /* libPods.a */ = {isa = PBXFileReference; explicitFileType = archive.ar; includeInIndex = 0; path = libPods.a; sourceTree = BUILT_PRODUCTS_DIR; };
		974D5B571B13BDEF0042C316 /* HueWatch WatchKit Extension.appex */ = {isa = PBXFileReference; explicitFileType = "wrapper.app-extension"; includeInIndex = 0; path = "HueWatch WatchKit Extension.appex"; sourceTree = BUILT_PRODUCTS_DIR; };
		974D5B5A1B13BDEF0042C316 /* Info.plist */ = {isa = PBXFileReference; lastKnownFileType = text.plist.xml; path = Info.plist; sourceTree = "<group>"; };
		974D5B5B1B13BDEF0042C316 /* InterfaceController.h */ = {isa = PBXFileReference; lastKnownFileType = sourcecode.c.h; path = InterfaceController.h; sourceTree = "<group>"; };
		974D5B5C1B13BDEF0042C316 /* InterfaceController.m */ = {isa = PBXFileReference; lastKnownFileType = sourcecode.c.objc; path = InterfaceController.m; sourceTree = "<group>"; };
		974D5B5E1B13BDEF0042C316 /* Images.xcassets */ = {isa = PBXFileReference; lastKnownFileType = folder.assetcatalog; path = Images.xcassets; sourceTree = "<group>"; };
		974D5B621B13BDF00042C316 /* HueWatch WatchKit App.app */ = {isa = PBXFileReference; explicitFileType = wrapper.application; includeInIndex = 0; path = "HueWatch WatchKit App.app"; sourceTree = BUILT_PRODUCTS_DIR; };
		974D5B681B13BDF00042C316 /* Info.plist */ = {isa = PBXFileReference; lastKnownFileType = text.plist.xml; path = Info.plist; sourceTree = "<group>"; };
		974D5B6A1B13BDF00042C316 /* Base */ = {isa = PBXFileReference; lastKnownFileType = file.storyboard; name = Base; path = Base.lproj/Interface.storyboard; sourceTree = "<group>"; };
		974D5B6C1B13BDF00042C316 /* Images.xcassets */ = {isa = PBXFileReference; lastKnownFileType = folder.assetcatalog; path = Images.xcassets; sourceTree = "<group>"; };
		97888C481B13DDE1000C7221 /* JSZHueSessionManager.h */ = {isa = PBXFileReference; fileEncoding = 4; lastKnownFileType = sourcecode.c.h; path = JSZHueSessionManager.h; sourceTree = "<group>"; };
		97888C491B13DDE1000C7221 /* JSZHueSessionManager.m */ = {isa = PBXFileReference; fileEncoding = 4; lastKnownFileType = sourcecode.c.objc; path = JSZHueSessionManager.m; sourceTree = "<group>"; };
		97BA89BB1AF58B0A0065E86A /* HueWatch.app */ = {isa = PBXFileReference; explicitFileType = wrapper.application; includeInIndex = 0; path = HueWatch.app; sourceTree = BUILT_PRODUCTS_DIR; };
		97BA89BF1AF58B0A0065E86A /* Info.plist */ = {isa = PBXFileReference; lastKnownFileType = text.plist.xml; path = Info.plist; sourceTree = "<group>"; };
		97BA89C01AF58B0A0065E86A /* main.m */ = {isa = PBXFileReference; lastKnownFileType = sourcecode.c.objc; path = main.m; sourceTree = "<group>"; };
		97BA89C21AF58B0A0065E86A /* AppDelegate.h */ = {isa = PBXFileReference; lastKnownFileType = sourcecode.c.h; path = AppDelegate.h; sourceTree = "<group>"; };
		97BA89C31AF58B0A0065E86A /* AppDelegate.m */ = {isa = PBXFileReference; lastKnownFileType = sourcecode.c.objc; path = AppDelegate.m; sourceTree = "<group>"; };
		97BA89C51AF58B0A0065E86A /* FirstViewController.h */ = {isa = PBXFileReference; lastKnownFileType = sourcecode.c.h; path = FirstViewController.h; sourceTree = "<group>"; };
		97BA89C61AF58B0A0065E86A /* FirstViewController.m */ = {isa = PBXFileReference; lastKnownFileType = sourcecode.c.objc; path = FirstViewController.m; sourceTree = "<group>"; };
		97BA89C81AF58B0A0065E86A /* SecondViewController.h */ = {isa = PBXFileReference; lastKnownFileType = sourcecode.c.h; path = SecondViewController.h; sourceTree = "<group>"; };
		97BA89C91AF58B0A0065E86A /* SecondViewController.m */ = {isa = PBXFileReference; lastKnownFileType = sourcecode.c.objc; path = SecondViewController.m; sourceTree = "<group>"; };
		97BA89CC1AF58B0A0065E86A /* Base */ = {isa = PBXFileReference; lastKnownFileType = file.storyboard; name = Base; path = Base.lproj/Main.storyboard; sourceTree = "<group>"; };
		97BA89CE1AF58B0A0065E86A /* Images.xcassets */ = {isa = PBXFileReference; lastKnownFileType = folder.assetcatalog; path = Images.xcassets; sourceTree = "<group>"; };
		97BA89D11AF58B0A0065E86A /* Base */ = {isa = PBXFileReference; lastKnownFileType = file.xib; name = Base; path = Base.lproj/LaunchScreen.xib; sourceTree = "<group>"; };
		97BA89D71AF58B0A0065E86A /* HueWatchTests.xctest */ = {isa = PBXFileReference; explicitFileType = wrapper.cfbundle; includeInIndex = 0; path = HueWatchTests.xctest; sourceTree = BUILT_PRODUCTS_DIR; };
		97BA89DC1AF58B0A0065E86A /* Info.plist */ = {isa = PBXFileReference; lastKnownFileType = text.plist.xml; path = Info.plist; sourceTree = "<group>"; };
		97BA89DD1AF58B0A0065E86A /* HueWatchTests.m */ = {isa = PBXFileReference; lastKnownFileType = sourcecode.c.objc; path = HueWatchTests.m; sourceTree = "<group>"; };
		D1EDBA49AA3289CAD0289199 /* Pods.release.xcconfig */ = {isa = PBXFileReference; includeInIndex = 1; lastKnownFileType = text.xcconfig; name = Pods.release.xcconfig; path = "../Pods/Target Support Files/Pods/Pods.release.xcconfig"; sourceTree = "<group>"; };
		E4549570CA57793CF539D2A8 /* Pods.debug.xcconfig */ = {isa = PBXFileReference; includeInIndex = 1; lastKnownFileType = text.xcconfig; name = Pods.debug.xcconfig; path = "../Pods/Target Support Files/Pods/Pods.debug.xcconfig"; sourceTree = "<group>"; };
/* End PBXFileReference section */

/* Begin PBXFrameworksBuildPhase section */
		974D5B541B13BDEF0042C316 /* Frameworks */ = {
			isa = PBXFrameworksBuildPhase;
			buildActionMask = 2147483647;
			files = (
			);
			runOnlyForDeploymentPostprocessing = 0;
		};
		97BA89B81AF58B0A0065E86A /* Frameworks */ = {
			isa = PBXFrameworksBuildPhase;
			buildActionMask = 2147483647;
			files = (
				EADBCF8C802E922EEABB5D86 /* libPods.a in Frameworks */,
			);
			runOnlyForDeploymentPostprocessing = 0;
		};
		97BA89D41AF58B0A0065E86A /* Frameworks */ = {
			isa = PBXFrameworksBuildPhase;
			buildActionMask = 2147483647;
			files = (
			);
			runOnlyForDeploymentPostprocessing = 0;
		};
/* End PBXFrameworksBuildPhase section */

/* Begin PBXGroup section */
		6FDA32C83D93CFA854FD7419 /* Frameworks */ = {
			isa = PBXGroup;
			children = (
				0FDDFD6573E7D1269935CE26 /* libPods.a */,
			);
			name = Frameworks;
			sourceTree = "<group>";
		};
		974D5B581B13BDEF0042C316 /* HueWatch WatchKit Extension */ = {
			isa = PBXGroup;
			children = (
				974D5B5B1B13BDEF0042C316 /* InterfaceController.h */,
				974D5B5C1B13BDEF0042C316 /* InterfaceController.m */,
				974D5B5E1B13BDEF0042C316 /* Images.xcassets */,
				974D5B591B13BDEF0042C316 /* Supporting Files */,
			);
			path = "HueWatch WatchKit Extension";
			sourceTree = "<group>";
		};
		974D5B591B13BDEF0042C316 /* Supporting Files */ = {
			isa = PBXGroup;
			children = (
				974D5B5A1B13BDEF0042C316 /* Info.plist */,
			);
			name = "Supporting Files";
			sourceTree = "<group>";
		};
		974D5B661B13BDF00042C316 /* HueWatch WatchKit App */ = {
			isa = PBXGroup;
			children = (
				974D5B691B13BDF00042C316 /* Interface.storyboard */,
				974D5B6C1B13BDF00042C316 /* Images.xcassets */,
				974D5B671B13BDF00042C316 /* Supporting Files */,
			);
			path = "HueWatch WatchKit App";
			sourceTree = "<group>";
		};
		974D5B671B13BDF00042C316 /* Supporting Files */ = {
			isa = PBXGroup;
			children = (
				974D5B681B13BDF00042C316 /* Info.plist */,
			);
			name = "Supporting Files";
			sourceTree = "<group>";
		};
		97BA89B21AF58B0A0065E86A = {
			isa = PBXGroup;
			children = (
				97BA89BD1AF58B0A0065E86A /* HueWatch */,
				97BA89DA1AF58B0A0065E86A /* HueWatchTests */,
				974D5B581B13BDEF0042C316 /* HueWatch WatchKit Extension */,
				974D5B661B13BDF00042C316 /* HueWatch WatchKit App */,
				97BA89BC1AF58B0A0065E86A /* Products */,
				F0F9E6629DC7792EB5CEF769 /* Pods */,
				6FDA32C83D93CFA854FD7419 /* Frameworks */,
			);
			sourceTree = "<group>";
		};
		97BA89BC1AF58B0A0065E86A /* Products */ = {
			isa = PBXGroup;
			children = (
				97BA89BB1AF58B0A0065E86A /* HueWatch.app */,
				97BA89D71AF58B0A0065E86A /* HueWatchTests.xctest */,
				974D5B571B13BDEF0042C316 /* HueWatch WatchKit Extension.appex */,
				974D5B621B13BDF00042C316 /* HueWatch WatchKit App.app */,
			);
			name = Products;
			sourceTree = "<group>";
		};
		97BA89BD1AF58B0A0065E86A /* HueWatch */ = {
			isa = PBXGroup;
			children = (
				97BA89C21AF58B0A0065E86A /* AppDelegate.h */,
				97BA89C31AF58B0A0065E86A /* AppDelegate.m */,
				97BA89C51AF58B0A0065E86A /* FirstViewController.h */,
				97BA89C61AF58B0A0065E86A /* FirstViewController.m */,
				97BA89C81AF58B0A0065E86A /* SecondViewController.h */,
				97BA89C91AF58B0A0065E86A /* SecondViewController.m */,
				97888C481B13DDE1000C7221 /* JSZHueSessionManager.h */,
				97888C491B13DDE1000C7221 /* JSZHueSessionManager.m */,
				97BA89CB1AF58B0A0065E86A /* Main.storyboard */,
				97BA89CE1AF58B0A0065E86A /* Images.xcassets */,
				97BA89D01AF58B0A0065E86A /* LaunchScreen.xib */,
				97BA89BE1AF58B0A0065E86A /* Supporting Files */,
			);
			path = HueWatch;
			sourceTree = "<group>";
		};
		97BA89BE1AF58B0A0065E86A /* Supporting Files */ = {
			isa = PBXGroup;
			children = (
				97BA89BF1AF58B0A0065E86A /* Info.plist */,
				97BA89C01AF58B0A0065E86A /* main.m */,
			);
			name = "Supporting Files";
			sourceTree = "<group>";
		};
		97BA89DA1AF58B0A0065E86A /* HueWatchTests */ = {
			isa = PBXGroup;
			children = (
				97BA89DD1AF58B0A0065E86A /* HueWatchTests.m */,
				97BA89DB1AF58B0A0065E86A /* Supporting Files */,
			);
			path = HueWatchTests;
			sourceTree = "<group>";
		};
		97BA89DB1AF58B0A0065E86A /* Supporting Files */ = {
			isa = PBXGroup;
			children = (
				97BA89DC1AF58B0A0065E86A /* Info.plist */,
			);
			name = "Supporting Files";
			sourceTree = "<group>";
		};
		F0F9E6629DC7792EB5CEF769 /* Pods */ = {
			isa = PBXGroup;
			children = (
				E4549570CA57793CF539D2A8 /* Pods.debug.xcconfig */,
				D1EDBA49AA3289CAD0289199 /* Pods.release.xcconfig */,
			);
			name = Pods;
			sourceTree = "<group>";
		};
/* End PBXGroup section */

/* Begin PBXNativeTarget section */
		974D5B561B13BDEF0042C316 /* HueWatch WatchKit Extension */ = {
			isa = PBXNativeTarget;
			buildConfigurationList = 974D5B761B13BDF00042C316 /* Build configuration list for PBXNativeTarget "HueWatch WatchKit Extension" */;
			buildPhases = (
				974D5B531B13BDEF0042C316 /* Sources */,
				974D5B541B13BDEF0042C316 /* Frameworks */,
				974D5B551B13BDEF0042C316 /* Resources */,
			);
			buildRules = (
			);
			dependencies = (
				974D5B651B13BDF00042C316 /* PBXTargetDependency */,
			);
			name = "HueWatch WatchKit Extension";
			productName = "HueWatch WatchKit Extension";
			productReference = 974D5B571B13BDEF0042C316 /* HueWatch WatchKit Extension.appex */;
			productType = "com.apple.product-type.watchkit-extension";
		};
		974D5B611B13BDF00042C316 /* HueWatch WatchKit App */ = {
			isa = PBXNativeTarget;
			buildConfigurationList = 974D5B751B13BDF00042C316 /* Build configuration list for PBXNativeTarget "HueWatch WatchKit App" */;
			buildPhases = (
				974D5B601B13BDF00042C316 /* Resources */,
			);
			buildRules = (
			);
			dependencies = (
			);
			name = "HueWatch WatchKit App";
			productName = "HueWatch WatchKit App";
			productReference = 974D5B621B13BDF00042C316 /* HueWatch WatchKit App.app */;
			productType = "com.apple.product-type.application.watchapp";
		};
		97BA89BA1AF58B0A0065E86A /* HueWatch */ = {
			isa = PBXNativeTarget;
			buildConfigurationList = 97BA89E11AF58B0A0065E86A /* Build configuration list for PBXNativeTarget "HueWatch" */;
			buildPhases = (
				A25B7CC67FC57D2CF9E3CB3C /* Check Pods Manifest.lock */,
				97BA89B71AF58B0A0065E86A /* Sources */,
				97BA89B81AF58B0A0065E86A /* Frameworks */,
				97BA89B91AF58B0A0065E86A /* Resources */,
				E21B74A17302B522856FBA6F /* Copy Pods Resources */,
				974D5B771B13BDF00042C316 /* Embed App Extensions */,
			);
			buildRules = (
			);
			dependencies = (
				974D5B6F1B13BDF00042C316 /* PBXTargetDependency */,
			);
			name = HueWatch;
			productName = HueWatch;
			productReference = 97BA89BB1AF58B0A0065E86A /* HueWatch.app */;
			productType = "com.apple.product-type.application";
		};
		97BA89D61AF58B0A0065E86A /* HueWatchTests */ = {
			isa = PBXNativeTarget;
			buildConfigurationList = 97BA89E41AF58B0A0065E86A /* Build configuration list for PBXNativeTarget "HueWatchTests" */;
			buildPhases = (
				97BA89D31AF58B0A0065E86A /* Sources */,
				97BA89D41AF58B0A0065E86A /* Frameworks */,
				97BA89D51AF58B0A0065E86A /* Resources */,
			);
			buildRules = (
			);
			dependencies = (
				97BA89D91AF58B0A0065E86A /* PBXTargetDependency */,
			);
			name = HueWatchTests;
			productName = HueWatchTests;
			productReference = 97BA89D71AF58B0A0065E86A /* HueWatchTests.xctest */;
			productType = "com.apple.product-type.bundle.unit-test";
		};
/* End PBXNativeTarget section */

/* Begin PBXProject section */
		97BA89B31AF58B0A0065E86A /* Project object */ = {
			isa = PBXProject;
			attributes = {
				LastUpgradeCheck = 0630;
				ORGANIZATIONNAME = "Jordan Zucker";
				TargetAttributes = {
					974D5B561B13BDEF0042C316 = {
						CreatedOnToolsVersion = 6.3.2;
					};
					974D5B611B13BDF00042C316 = {
						CreatedOnToolsVersion = 6.3.2;
						DevelopmentTeam = BSKYS9EZN8;
					};
					97BA89BA1AF58B0A0065E86A = {
						CreatedOnToolsVersion = 6.3.1;
					};
					97BA89D61AF58B0A0065E86A = {
						CreatedOnToolsVersion = 6.3.1;
						TestTargetID = 97BA89BA1AF58B0A0065E86A;
					};
				};
			};
			buildConfigurationList = 97BA89B61AF58B0A0065E86A /* Build configuration list for PBXProject "HueWatch" */;
			compatibilityVersion = "Xcode 3.2";
			developmentRegion = English;
			hasScannedForEncodings = 0;
			knownRegions = (
				en,
				Base,
			);
			mainGroup = 97BA89B21AF58B0A0065E86A;
			productRefGroup = 97BA89BC1AF58B0A0065E86A /* Products */;
			projectDirPath = "";
			projectRoot = "";
			targets = (
				97BA89BA1AF58B0A0065E86A /* HueWatch */,
				97BA89D61AF58B0A0065E86A /* HueWatchTests */,
				974D5B561B13BDEF0042C316 /* HueWatch WatchKit Extension */,
				974D5B611B13BDF00042C316 /* HueWatch WatchKit App */,
			);
		};
/* End PBXProject section */

/* Begin PBXResourcesBuildPhase section */
		974D5B551B13BDEF0042C316 /* Resources */ = {
			isa = PBXResourcesBuildPhase;
			buildActionMask = 2147483647;
			files = (
				974D5B5F1B13BDEF0042C316 /* Images.xcassets in Resources */,
				974D5B631B13BDF00042C316 /* HueWatch WatchKit App.app in Resources */,
			);
			runOnlyForDeploymentPostprocessing = 0;
		};
		974D5B601B13BDF00042C316 /* Resources */ = {
			isa = PBXResourcesBuildPhase;
			buildActionMask = 2147483647;
			files = (
				974D5B6B1B13BDF00042C316 /* Interface.storyboard in Resources */,
				974D5B6D1B13BDF00042C316 /* Images.xcassets in Resources */,
			);
			runOnlyForDeploymentPostprocessing = 0;
		};
		97BA89B91AF58B0A0065E86A /* Resources */ = {
			isa = PBXResourcesBuildPhase;
			buildActionMask = 2147483647;
			files = (
				97BA89CD1AF58B0A0065E86A /* Main.storyboard in Resources */,
				97BA89D21AF58B0A0065E86A /* LaunchScreen.xib in Resources */,
				97BA89CF1AF58B0A0065E86A /* Images.xcassets in Resources */,
			);
			runOnlyForDeploymentPostprocessing = 0;
		};
		97BA89D51AF58B0A0065E86A /* Resources */ = {
			isa = PBXResourcesBuildPhase;
			buildActionMask = 2147483647;
			files = (
			);
			runOnlyForDeploymentPostprocessing = 0;
		};
/* End PBXResourcesBuildPhase section */

/* Begin PBXShellScriptBuildPhase section */
		A25B7CC67FC57D2CF9E3CB3C /* Check Pods Manifest.lock */ = {
			isa = PBXShellScriptBuildPhase;
			buildActionMask = 2147483647;
			files = (
			);
			inputPaths = (
			);
			name = "Check Pods Manifest.lock";
			outputPaths = (
			);
			runOnlyForDeploymentPostprocessing = 0;
			shellPath = /bin/sh;
			shellScript = "diff \"${PODS_ROOT}/../Podfile.lock\" \"${PODS_ROOT}/Manifest.lock\" > /dev/null\nif [[ $? != 0 ]] ; then\n    cat << EOM\nerror: The sandbox is not in sync with the Podfile.lock. Run 'pod install' or update your CocoaPods installation.\nEOM\n    exit 1\nfi\n";
			showEnvVarsInLog = 0;
		};
		E21B74A17302B522856FBA6F /* Copy Pods Resources */ = {
			isa = PBXShellScriptBuildPhase;
			buildActionMask = 2147483647;
			files = (
			);
			inputPaths = (
			);
			name = "Copy Pods Resources";
			outputPaths = (
			);
			runOnlyForDeploymentPostprocessing = 0;
			shellPath = /bin/sh;
			shellScript = "\"${SRCROOT}/../Pods/Target Support Files/Pods/Pods-resources.sh\"\n";
			showEnvVarsInLog = 0;
		};
/* End PBXShellScriptBuildPhase section */

/* Begin PBXSourcesBuildPhase section */
		974D5B531B13BDEF0042C316 /* Sources */ = {
			isa = PBXSourcesBuildPhase;
			buildActionMask = 2147483647;
			files = (
				974D5B5D1B13BDEF0042C316 /* InterfaceController.m in Sources */,
			);
			runOnlyForDeploymentPostprocessing = 0;
		};
		97BA89B71AF58B0A0065E86A /* Sources */ = {
			isa = PBXSourcesBuildPhase;
			buildActionMask = 2147483647;
			files = (
				97BA89CA1AF58B0A0065E86A /* SecondViewController.m in Sources */,
				97BA89C41AF58B0A0065E86A /* AppDelegate.m in Sources */,
				97888C4A1B13DDE1000C7221 /* JSZHueSessionManager.m in Sources */,
				97BA89C71AF58B0A0065E86A /* FirstViewController.m in Sources */,
				97BA89C11AF58B0A0065E86A /* main.m in Sources */,
			);
			runOnlyForDeploymentPostprocessing = 0;
		};
		97BA89D31AF58B0A0065E86A /* Sources */ = {
			isa = PBXSourcesBuildPhase;
			buildActionMask = 2147483647;
			files = (
				97BA89DE1AF58B0A0065E86A /* HueWatchTests.m in Sources */,
			);
			runOnlyForDeploymentPostprocessing = 0;
		};
/* End PBXSourcesBuildPhase section */

/* Begin PBXTargetDependency section */
		974D5B651B13BDF00042C316 /* PBXTargetDependency */ = {
			isa = PBXTargetDependency;
			target = 974D5B611B13BDF00042C316 /* HueWatch WatchKit App */;
			targetProxy = 974D5B641B13BDF00042C316 /* PBXContainerItemProxy */;
		};
		974D5B6F1B13BDF00042C316 /* PBXTargetDependency */ = {
			isa = PBXTargetDependency;
			target = 974D5B561B13BDEF0042C316 /* HueWatch WatchKit Extension */;
			targetProxy = 974D5B6E1B13BDF00042C316 /* PBXContainerItemProxy */;
		};
		97BA89D91AF58B0A0065E86A /* PBXTargetDependency */ = {
			isa = PBXTargetDependency;
			target = 97BA89BA1AF58B0A0065E86A /* HueWatch */;
			targetProxy = 97BA89D81AF58B0A0065E86A /* PBXContainerItemProxy */;
		};
/* End PBXTargetDependency section */

/* Begin PBXVariantGroup section */
		974D5B691B13BDF00042C316 /* Interface.storyboard */ = {
			isa = PBXVariantGroup;
			children = (
				974D5B6A1B13BDF00042C316 /* Base */,
			);
			name = Interface.storyboard;
			sourceTree = "<group>";
		};
		97BA89CB1AF58B0A0065E86A /* Main.storyboard */ = {
			isa = PBXVariantGroup;
			children = (
				97BA89CC1AF58B0A0065E86A /* Base */,
			);
			name = Main.storyboard;
			sourceTree = "<group>";
		};
		97BA89D01AF58B0A0065E86A /* LaunchScreen.xib */ = {
			isa = PBXVariantGroup;
			children = (
				97BA89D11AF58B0A0065E86A /* Base */,
			);
			name = LaunchScreen.xib;
			sourceTree = "<group>";
		};
/* End PBXVariantGroup section */

/* Begin XCBuildConfiguration section */
		974D5B711B13BDF00042C316 /* Debug */ = {
			isa = XCBuildConfiguration;
			buildSettings = {
				GCC_PREPROCESSOR_DEFINITIONS = (
					"DEBUG=1",
					"$(inherited)",
				);
				INFOPLIST_FILE = "HueWatch WatchKit Extension/Info.plist";
				LD_RUNPATH_SEARCH_PATHS = "$(inherited) @executable_path/Frameworks @executable_path/../../Frameworks";
				PRODUCT_NAME = "${TARGET_NAME}";
				SKIP_INSTALL = YES;
			};
			name = Debug;
		};
		974D5B721B13BDF00042C316 /* Release */ = {
			isa = XCBuildConfiguration;
			buildSettings = {
				INFOPLIST_FILE = "HueWatch WatchKit Extension/Info.plist";
				LD_RUNPATH_SEARCH_PATHS = "$(inherited) @executable_path/Frameworks @executable_path/../../Frameworks";
				PRODUCT_NAME = "${TARGET_NAME}";
				SKIP_INSTALL = YES;
			};
			name = Release;
		};
		974D5B731B13BDF00042C316 /* Debug */ = {
			isa = XCBuildConfiguration;
			buildSettings = {
				ASSETCATALOG_COMPILER_APPICON_NAME = AppIcon;
				CODE_SIGN_IDENTITY = "iPhone Developer";
				"CODE_SIGN_IDENTITY[sdk=iphoneos*]" = "iPhone Developer";
				GCC_PREPROCESSOR_DEFINITIONS = (
					"DEBUG=1",
					"$(inherited)",
				);
				IBSC_MODULE = HueWatch_WatchKit_Extension;
				INFOPLIST_FILE = "HueWatch WatchKit App/Info.plist";
				IPHONEOS_DEPLOYMENT_TARGET = 8.2;
				PRODUCT_NAME = "$(TARGET_NAME)";
				PROVISIONING_PROFILE = "";
				SKIP_INSTALL = YES;
				TARGETED_DEVICE_FAMILY = 4;
				"TARGETED_DEVICE_FAMILY[sdk=iphonesimulator*]" = "1,4";
			};
			name = Debug;
		};
		974D5B741B13BDF00042C316 /* Release */ = {
			isa = XCBuildConfiguration;
			buildSettings = {
				ASSETCATALOG_COMPILER_APPICON_NAME = AppIcon;
				CODE_SIGN_IDENTITY = "iPhone Developer";
				"CODE_SIGN_IDENTITY[sdk=iphoneos*]" = "iPhone Developer";
				IBSC_MODULE = HueWatch_WatchKit_Extension;
				INFOPLIST_FILE = "HueWatch WatchKit App/Info.plist";
				IPHONEOS_DEPLOYMENT_TARGET = 8.2;
				PRODUCT_NAME = "$(TARGET_NAME)";
				PROVISIONING_PROFILE = "";
				SKIP_INSTALL = YES;
				TARGETED_DEVICE_FAMILY = 4;
				"TARGETED_DEVICE_FAMILY[sdk=iphonesimulator*]" = "1,4";
			};
			name = Release;
		};
		97BA89DF1AF58B0A0065E86A /* Debug */ = {
			isa = XCBuildConfiguration;
			buildSettings = {
				ALWAYS_SEARCH_USER_PATHS = NO;
				CLANG_CXX_LANGUAGE_STANDARD = "gnu++0x";
				CLANG_CXX_LIBRARY = "libc++";
				CLANG_ENABLE_MODULES = YES;
				CLANG_ENABLE_OBJC_ARC = YES;
				CLANG_WARN_BOOL_CONVERSION = YES;
				CLANG_WARN_CONSTANT_CONVERSION = YES;
				CLANG_WARN_DIRECT_OBJC_ISA_USAGE = YES_ERROR;
				CLANG_WARN_EMPTY_BODY = YES;
				CLANG_WARN_ENUM_CONVERSION = YES;
				CLANG_WARN_INT_CONVERSION = YES;
				CLANG_WARN_OBJC_ROOT_CLASS = YES_ERROR;
				CLANG_WARN_UNREACHABLE_CODE = YES;
				CLANG_WARN__DUPLICATE_METHOD_MATCH = YES;
				"CODE_SIGN_IDENTITY[sdk=iphoneos*]" = "iPhone Developer";
				COPY_PHASE_STRIP = NO;
				DEBUG_INFORMATION_FORMAT = "dwarf-with-dsym";
				ENABLE_STRICT_OBJC_MSGSEND = YES;
				GCC_C_LANGUAGE_STANDARD = gnu99;
				GCC_DYNAMIC_NO_PIC = NO;
				GCC_NO_COMMON_BLOCKS = YES;
				GCC_OPTIMIZATION_LEVEL = 0;
				GCC_PREPROCESSOR_DEFINITIONS = (
					"DEBUG=1",
					"$(inherited)",
				);
				GCC_SYMBOLS_PRIVATE_EXTERN = NO;
				GCC_WARN_64_TO_32_BIT_CONVERSION = YES;
				GCC_WARN_ABOUT_RETURN_TYPE = YES_ERROR;
				GCC_WARN_UNDECLARED_SELECTOR = YES;
				GCC_WARN_UNINITIALIZED_AUTOS = YES_AGGRESSIVE;
				GCC_WARN_UNUSED_FUNCTION = YES;
				GCC_WARN_UNUSED_VARIABLE = YES;
				IPHONEOS_DEPLOYMENT_TARGET = 8.3;
				MTL_ENABLE_DEBUG_INFO = YES;
				ONLY_ACTIVE_ARCH = YES;
				SDKROOT = iphoneos;
			};
			name = Debug;
		};
		97BA89E01AF58B0A0065E86A /* Release */ = {
			isa = XCBuildConfiguration;
			buildSettings = {
				ALWAYS_SEARCH_USER_PATHS = NO;
				CLANG_CXX_LANGUAGE_STANDARD = "gnu++0x";
				CLANG_CXX_LIBRARY = "libc++";
				CLANG_ENABLE_MODULES = YES;
				CLANG_ENABLE_OBJC_ARC = YES;
				CLANG_WARN_BOOL_CONVERSION = YES;
				CLANG_WARN_CONSTANT_CONVERSION = YES;
				CLANG_WARN_DIRECT_OBJC_ISA_USAGE = YES_ERROR;
				CLANG_WARN_EMPTY_BODY = YES;
				CLANG_WARN_ENUM_CONVERSION = YES;
				CLANG_WARN_INT_CONVERSION = YES;
				CLANG_WARN_OBJC_ROOT_CLASS = YES_ERROR;
				CLANG_WARN_UNREACHABLE_CODE = YES;
				CLANG_WARN__DUPLICATE_METHOD_MATCH = YES;
				"CODE_SIGN_IDENTITY[sdk=iphoneos*]" = "iPhone Developer";
				COPY_PHASE_STRIP = NO;
				DEBUG_INFORMATION_FORMAT = "dwarf-with-dsym";
				ENABLE_NS_ASSERTIONS = NO;
				ENABLE_STRICT_OBJC_MSGSEND = YES;
				GCC_C_LANGUAGE_STANDARD = gnu99;
				GCC_NO_COMMON_BLOCKS = YES;
				GCC_WARN_64_TO_32_BIT_CONVERSION = YES;
				GCC_WARN_ABOUT_RETURN_TYPE = YES_ERROR;
				GCC_WARN_UNDECLARED_SELECTOR = YES;
				GCC_WARN_UNINITIALIZED_AUTOS = YES_AGGRESSIVE;
				GCC_WARN_UNUSED_FUNCTION = YES;
				GCC_WARN_UNUSED_VARIABLE = YES;
				IPHONEOS_DEPLOYMENT_TARGET = 8.3;
				MTL_ENABLE_DEBUG_INFO = NO;
				SDKROOT = iphoneos;
				VALIDATE_PRODUCT = YES;
			};
			name = Release;
		};
		97BA89E21AF58B0A0065E86A /* Debug */ = {
			isa = XCBuildConfiguration;
			baseConfigurationReference = E4549570CA57793CF539D2A8 /* Pods.debug.xcconfig */;
			buildSettings = {
				ASSETCATALOG_COMPILER_APPICON_NAME = AppIcon;
				CODE_SIGN_IDENTITY = "iPhone Developer: Jordan Zucker (8K9Q7494TY)";
				INFOPLIST_FILE = HueWatch/Info.plist;
				LD_RUNPATH_SEARCH_PATHS = "$(inherited) @executable_path/Frameworks";
				PRODUCT_NAME = "$(TARGET_NAME)";
				PROVISIONING_PROFILE = "";
			};
			name = Debug;
		};
		97BA89E31AF58B0A0065E86A /* Release */ = {
			isa = XCBuildConfiguration;
			baseConfigurationReference = D1EDBA49AA3289CAD0289199 /* Pods.release.xcconfig */;
			buildSettings = {
				ASSETCATALOG_COMPILER_APPICON_NAME = AppIcon;
				CODE_SIGN_IDENTITY = "iPhone Developer: Jordan Zucker (8K9Q7494TY)";
				INFOPLIST_FILE = HueWatch/Info.plist;
				LD_RUNPATH_SEARCH_PATHS = "$(inherited) @executable_path/Frameworks";
				PRODUCT_NAME = "$(TARGET_NAME)";
				PROVISIONING_PROFILE = "";
			};
			name = Release;
		};
		97BA89E51AF58B0A0065E86A /* Debug */ = {
			isa = XCBuildConfiguration;
			buildSettings = {
				BUNDLE_LOADER = "$(TEST_HOST)";
				FRAMEWORK_SEARCH_PATHS = (
					"$(SDKROOT)/Developer/Library/Frameworks",
					"$(inherited)",
				);
				GCC_PREPROCESSOR_DEFINITIONS = (
					"DEBUG=1",
					"$(inherited)",
				);
				INFOPLIST_FILE = HueWatchTests/Info.plist;
				LD_RUNPATH_SEARCH_PATHS = "$(inherited) @executable_path/Frameworks @loader_path/Frameworks";
				PRODUCT_NAME = "$(TARGET_NAME)";
				TEST_HOST = "$(BUILT_PRODUCTS_DIR)/HueWatch.app/HueWatch";
			};
			name = Debug;
		};
		97BA89E61AF58B0A0065E86A /* Release */ = {
			isa = XCBuildConfiguration;
			buildSettings = {
				BUNDLE_LOADER = "$(TEST_HOST)";
				FRAMEWORK_SEARCH_PATHS = (
					"$(SDKROOT)/Developer/Library/Frameworks",
					"$(inherited)",
				);
				INFOPLIST_FILE = HueWatchTests/Info.plist;
				LD_RUNPATH_SEARCH_PATHS = "$(inherited) @executable_path/Frameworks @loader_path/Frameworks";
				PRODUCT_NAME = "$(TARGET_NAME)";
				TEST_HOST = "$(BUILT_PRODUCTS_DIR)/HueWatch.app/HueWatch";
			};
			name = Release;
		};
/* End XCBuildConfiguration section */

/* Begin XCConfigurationList section */
		974D5B751B13BDF00042C316 /* Build configuration list for PBXNativeTarget "HueWatch WatchKit App" */ = {
			isa = XCConfigurationList;
			buildConfigurations = (
				974D5B731B13BDF00042C316 /* Debug */,
				974D5B741B13BDF00042C316 /* Release */,
			);
			defaultConfigurationIsVisible = 0;
			defaultConfigurationName = Release;
		};
		974D5B761B13BDF00042C316 /* Build configuration list for PBXNativeTarget "HueWatch WatchKit Extension" */ = {
			isa = XCConfigurationList;
			buildConfigurations = (
				974D5B711B13BDF00042C316 /* Debug */,
				974D5B721B13BDF00042C316 /* Release */,
			);
			defaultConfigurationIsVisible = 0;
			defaultConfigurationName = Release;
		};
		97BA89B61AF58B0A0065E86A /* Build configuration list for PBXProject "HueWatch" */ = {
			isa = XCConfigurationList;
			buildConfigurations = (
				97BA89DF1AF58B0A0065E86A /* Debug */,
				97BA89E01AF58B0A0065E86A /* Release */,
			);
			defaultConfigurationIsVisible = 0;
			defaultConfigurationName = Release;
		};
		97BA89E11AF58B0A0065E86A /* Build configuration list for PBXNativeTarget "HueWatch" */ = {
			isa = XCConfigurationList;
			buildConfigurations = (
				97BA89E21AF58B0A0065E86A /* Debug */,
				97BA89E31AF58B0A0065E86A /* Release */,
			);
			defaultConfigurationIsVisible = 0;
			defaultConfigurationName = Release;
		};
		97BA89E41AF58B0A0065E86A /* Build configuration list for PBXNativeTarget "HueWatchTests" */ = {
			isa = XCConfigurationList;
			buildConfigurations = (
				97BA89E51AF58B0A0065E86A /* Debug */,
				97BA89E61AF58B0A0065E86A /* Release */,
			);
			defaultConfigurationIsVisible = 0;
			defaultConfigurationName = Release;
		};
/* End XCConfigurationList section */
	};
	rootObject = 97BA89B31AF58B0A0065E86A /* Project object */;
}
